
Microsoft Visual Studio Solution File, Format Version 12.00
# Visual Studio Version 17
VisualStudioVersion = 17.2.32602.215
MinimumVisualStudioVersion = 10.0.40219.1
Project("{FAE04EC0-301F-11D3-BF4B-00C04F79EFBC}") = "WcfService_Artom3", "WcfService_Artom3\WcfService_Artom3.csproj", "{49A59D15-348D-45E9-9330-BCA68F3A1131}"
EndProject
Project("{FAE04EC0-301F-11D3-BF4B-00C04F79EFBC}") = "Repository", "Repository\Repository.csproj", "{4B73AF4E-0895-414F-BA9D-47111D406285}"
EndProject
Project("{FAE04EC0-301F-11D3-BF4B-00C04F79EFBC}") = "Common", "Common\Common.csproj", "{B39F5EE0-F506-4D66-8024-953D94D8D5C3}"
EndProject
Project("{FAE04EC0-301F-11D3-BF4B-00C04F79EFBC}") = "Business", "Business\Business.csproj", "{85EDCAE9-4368-4A55-95F1-7AC75DB91D10}"
EndProject
Global
	GlobalSection(SolutionConfigurationPlatforms) = preSolution
		Debug|Any CPU = Debug|Any CPU
		Release|Any CPU = Release|Any CPU
	EndGlobalSection
	GlobalSection(ProjectConfigurationPlatforms) = postSolution
		{49A59D15-348D-45E9-9330-BCA68F3A1131}.Debug|Any CPU.ActiveCfg = Debug|Any CPU
		{49A59D15-348D-45E9-9330-BCA68F3A1131}.Debug|Any CPU.Build.0 = Debug|Any CPU
		{49A59D15-348D-45E9-9330-BCA68F3A1131}.Release|Any CPU.ActiveCfg = Release|Any CPU
		{49A59D15-348D-45E9-9330-BCA68F3A1131}.Release|Any CPU.Build.0 = Release|Any CPU
		{4B73AF4E-0895-414F-BA9D-47111D406285}.Debug|Any CPU.ActiveCfg = Debug|Any CPU
		{4B73AF4E-0895-414F-BA9D-47111D406285}.Debug|Any CPU.Build.0 = Debug|Any CPU
		{4B73AF4E-0895-414F-BA9D-47111D406285}.Release|Any CPU.ActiveCfg = Release|Any CPU
		{4B73AF4E-0895-414F-BA9D-47111D406285}.Release|Any CPU.Build.0 = Release|Any CPU
		{B39F5EE0-F506-4D66-8024-953D94D8D5C3}.Debug|Any CPU.ActiveCfg = Debug|Any CPU
		{B39F5EE0-F506-4D66-8024-953D94D8D5C3}.Debug|Any CPU.Build.0 = Debug|Any CPU
		{B39F5EE0-F506-4D66-8024-953D94D8D5C3}.Release|Any CPU.ActiveCfg = Release|Any CPU
		{B39F5EE0-F506-4D66-8024-953D94D8D5C3}.Release|Any CPU.Build.0 = Release|Any CPU
		{85EDCAE9-4368-4A55-95F1-7AC75DB91D10}.Debug|Any CPU.ActiveCfg = Debug|Any CPU
		{85EDCAE9-4368-4A55-95F1-7AC75DB91D10}.Debug|Any CPU.Build.0 = Debug|Any CPU
		{85EDCAE9-4368-4A55-95F1-7AC75DB91D10}.Release|Any CPU.ActiveCfg = Release|Any CPU
		{85EDCAE9-4368-4A55-95F1-7AC75DB91D10}.Release|Any CPU.Build.0 = Release|Any CPU
	EndGlobalSection
	GlobalSection(SolutionProperties) = preSolution
		HideSolutionNode = FALSE
	EndGlobalSection
	GlobalSection(ExtensibilityGlobals) = postSolution
		SolutionGuid = {0705D2F9-4488-4E81-B716-06B4B352524C}
	EndGlobalSection
EndGlobal
